github.com/bazelbuild/bazel-gazelle v0.44.0 h1:+z0ri9qQgeo7sZxntJpNl6U67gOo3URbuCjoqCk8c04=
github.com/bazelbuild/bazel-gazelle v0.44.0/go.mod h1:SRCc60YGZ27y+BqLzQ+nMh249+FyZz7YtX/V2ng+/z4=
github.com/bazelbuild/buildtools v0.0.0-20240918101019-be1c24cc9a44 h1:FGzENZi+SX9I7h9xvMtRA3rel8hCEfyzSixteBgn7MU=
github.com/bazelbuild/buildtools v0.0.0-20240918101019-be1c24cc9a44/go.mod h1:PLNUetjLa77TCCziPsz0EI8a6CUxgC+1jgmWv0H25tg=
github.com/bazelbuild/rules_go v0.50.1 h1:/BUvuaB8MEiUA2oLPPCGtuw5V+doAYyiGTFyoSWlkrw=
github.com/bazelbuild/rules_go v0.50.1/go.mod h1:Dhcz716Kqg1RHNWos+N6MlXNkjNP2EwZQ0LukRKJfMs=
github.com/bits-and-blooms/bitset v1.22.0 h1:Tquv9S8+SGaS3EhyA+up3FXzmkhxPGjQQCkcs2uw7w4=
github.com/bits-and-blooms/bitset v1.22.0/go.mod h1:7hO7Gc7Pp1vODcmWvKMRA9BNmbv6a/7QIWpPxHddWR8=
github.com/davecgh/go-spew v1.1.1 h1:vj9j/u1bqnvCEfJOwUhtlOARqs3+rkHYY13jYWTU97c=
github.com/davecgh/go-spew v1.1.1/go.mod h1:J7Y8YcW2NihsgmVo/mv3lAwl/skON4iLHjSsI+c5H38=
github.com/evanw/esbuild v0.25.5 h1:E+JpeY5S/1LFmnX1vtuZqUKT7qDVcfXdhzMhM3uIKFs=
github.com/evanw/esbuild v0.25.5/go.mod h1:D2vIQZqV/vIf/VRHtViaUtViZmG7o+kKmlBfVQuRi48=
github.com/google/go-cmp v0.6.0 h1:ofyhxvXcZhMsU5ulbFiLKl/XBFqE1GSq7atu8tAmTRI=
github.com/google/go-cmp v0.6.0/go.mod h1:17dUlkBOakJ0+DkrSSNjCkIjxS6bF9zb3elmeNGIjoY=
github.com/joho/godotenv v1.5.1 h1:7eLL/+HRGLY0ldzfGMeQkb7vMd0as4CfYvUVzLqw0N0=
github.com/joho/godotenv v1.5.1/go.mod h1:f4LDr5Voq0i2e/R5DDNOoa2zzDfwtkZa6DnEwAbqwq4=
github.com/kofi-q/scribe-go v0.0.0-20250731012623-08642b8a9f65 h1:viTucWXvjdMkIQS23H9bZUNLWUgKhabMw6cpCm2GqvA=
github.com/kofi-q/scribe-go v0.0.0-20250731012623-08642b8a9f65/go.mod h1:mQ1c7mlDKvhaZJjaOGXFBuvduA9lpRwv6eXUdWI1n40=
github.com/piglig/go-qr v0.2.6 h1:oE8v9NGXHWahoFrnS44xsq0Lq0oIRIV7gMBM8cfRGwE=
github.com/piglig/go-qr v0.2.6/go.mod h1:funyXL4IdgMPcbICoVm1XweMtZy7Px3kyITTENkmA5w=
github.com/pmezard/go-difflib v1.0.0 h1:4DBwDE0NGyQoBHbLQYPwSUPoCMWR5BEzIk/f1lZbAQM=
github.com/pmezard/go-difflib v1.0.0/go.mod h1:iKH77koFhYxTK1pcRnkKkqfTogsbg7gZNVY4sRDYZ/4=
github.com/smacker/go-tree-sitter v0.0.0-20240827094217-dd81d9e9be82 h1:6C8qej6f1bStuePVkLSFxoU22XBS165D3klxlzRg8F4=
github.com/smacker/go-tree-sitter v0.0.0-20240827094217-dd81d9e9be82/go.mod h1:xe4pgH49k4SsmkQq5OT8abwhWmnzkhpgnXeekbx2efw=
github.com/stretchr/testify v1.10.0 h1:Xv5erBjTwe/5IxqUQTdXv5kgmIvbHo3QQyRwhJsOfJA=
github.com/stretchr/testify v1.10.0/go.mod h1:r2ic/lqez/lEtzL7wO/rwa5dbSLXVDPFyf8C91i36aY=
golang.org/x/mod v0.25.0 h1:n7a+ZbQKQA/Ysbyb0/6IbB1H/X41mKgbhfv7AfG/44w=
golang.org/x/mod v0.25.0/go.mod h1:IXM97Txy2VM4PJ3gI61r1YEk/gAj6zAHN3AdZt6S9Ww=
golang.org/x/net v0.42.0 h1:jzkYrhi3YQWD6MLBJcsklgQsoAcw89EcZbJw8Z614hs=
golang.org/x/net v0.42.0/go.mod h1:FF1RA5d3u7nAYA4z2TkclSCKh68eSXtiFwcWQpPXdt8=
golang.org/x/sys v0.0.0-20220715151400-c0bba94af5f8/go.mod h1:oPkhp1MJrh7nUepCBck5+mAzfO9JrbApNNgaTdGDITg=
golang.org/x/sys v0.34.0 h1:H5Y5sJ2L2JRdyv7ROF1he/lPdvFsd0mJHFw2ThKHxLA=
golang.org/x/sys v0.34.0/go.mod h1:BJP2sWEmIv4KK5OTEluFJCKSidICx8ciO85XgH3Ak8k=
golang.org/x/text v0.27.0 h1:4fGWRpyh641NLlecmyl4LOe6yDdfaYNrGb2zdfo4JV4=
golang.org/x/text v0.27.0/go.mod h1:1D28KMCvyooCX9hBiosv5Tz/+YLxj0j7XhWjpSUF7CU=
golang.org/x/tools/go/vcs v0.1.0-deprecated h1:cOIJqWBl99H1dH5LWizPa+0ImeeJq3t3cJjaeOWUAL4=
golang.org/x/tools/go/vcs v0.1.0-deprecated/go.mod h1:zUrvATBAvEI9535oC0yWYsLsHIV4Z7g63sNPVMtuBy8=
gopkg.in/check.v1 v0.0.0-20161208181325-20d25e280405 h1:yhCVgyC4o1eVCa2tZl7eS0r+SDo693bJlVdllGtEeKM=
gopkg.in/check.v1 v0.0.0-20161208181325-20d25e280405/go.mod h1:Co6ibVJAznAaIkqp8huTwlJQCZ016jof/cbN4VW5Yz0=
gopkg.in/yaml.v3 v3.0.1 h1:fxVm/GzAzEWqLHuvctI91KS9hhNmmWOoWu0XTYJS7CA=
gopkg.in/yaml.v3 v3.0.1/go.mod h1:K4uyk7z7BCEPqu6E+C64Yfv1cQ7kz7rIZviUmN+EgEM=
